dependencies:
- name: pgvector
  repository: https://rh-ai-quickstart.github.io/ai-architecture-charts
  version: 0.1.0
- name: llm-service
  repository: https://rh-ai-quickstart.github.io/ai-architecture-charts
  version: 0.5.2
- name: llama-stack
  repository: https://rh-ai-quickstart.github.io/ai-architecture-charts
  version: 0.7.3
digest: sha256:8b556df4ee20d6ac08d30a814d5e2d356b2ecca0b9d589b2340e82526de635a0
generated: "2026-04-21T14:15:58.704192-04:00"
